
Microsoft Visual Studio Solution File, Format Version 12.00
# Visual Studio Version 17
VisualStudioVersion = 17.10.35013.160
MinimumVisualStudioVersion = 10.0.40219.1
Project("{FAE04EC0-301F-11D3-BF4B-00C04F79EFBC}") = "Blood_Donations_Project", "Blood_Donations_Project.csproj", "{4D4581B3-9B60-47CC-9390-A2C9FD995362}"
EndProject
Global
	GlobalSection(SolutionConfigurationPlatforms) = preSolution
		Debug|Any CPU = Debug|Any CPU
		Release|Any CPU = Release|Any CPU
	EndGlobalSection
	GlobalSection(ProjectConfigurationPlatforms) = postSolution
		{4D4581B3-9B60-47CC-9390-A2C9FD995362}.Debug|Any CPU.ActiveCfg = Debug|Any CPU
		{4D4581B3-9B60-47CC-9390-A2C9FD995362}.Debug|Any CPU.Build.0 = Debug|Any CPU
		{4D4581B3-9B60-47CC-9390-A2C9FD995362}.Release|Any CPU.ActiveCfg = Release|Any CPU
		{4D4581B3-9B60-47CC-9390-A2C9FD995362}.Release|Any CPU.Build.0 = Release|Any CPU
	EndGlobalSection
	GlobalSection(SolutionProperties) = preSolution
		HideSolutionNode = FALSE
	EndGlobalSection
	GlobalSection(ExtensibilityGlobals) = postSolution
		SolutionGuid = {29B53EC6-28D1-44F3-BAA6-9F808E8DF1A3}
	EndGlobalSection
EndGlobal
